
Microsoft Visual Studio Solution File, Format Version 12.00
# Visual Studio Version 17
VisualStudioVersion = 17.10.35013.160
MinimumVisualStudioVersion = 10.0.40219.1
Project("{9A19103F-16F7-4668-BE54-9A1E7A4F7556}") = "Portfolio", "Portfolio\Portfolio.csproj", "{96AF32D5-D56B-4E8F-9525-E7535AF3523C}"
EndProject
Project("{2150E333-8FDC-42A3-9474-1A3956D46DE8}") = "Solution Items", "Solution Items", "{960817EC-8D5A-4CD7-92F3-6E0521F429AC}"
	ProjectSection(SolutionItems) = preProject
		global.json = global.json
		railway.toml = railway.toml
	EndProjectSection
EndProject
Global
	GlobalSection(SolutionConfigurationPlatforms) = preSolution
		Debug|Any CPU = Debug|Any CPU
		Release|Any CPU = Release|Any CPU
	EndGlobalSection
	GlobalSection(ProjectConfigurationPlatforms) = postSolution
		{96AF32D5-D56B-4E8F-9525-E7535AF3523C}.Debug|Any CPU.ActiveCfg = Debug|Any CPU
		{96AF32D5-D56B-4E8F-9525-E7535AF3523C}.Debug|Any CPU.Build.0 = Debug|Any CPU
		{96AF32D5-D56B-4E8F-9525-E7535AF3523C}.Release|Any CPU.ActiveCfg = Release|Any CPU
		{96AF32D5-D56B-4E8F-9525-E7535AF3523C}.Release|Any CPU.Build.0 = Release|Any CPU
	EndGlobalSection
	GlobalSection(SolutionProperties) = preSolution
		HideSolutionNode = FALSE
	EndGlobalSection
	GlobalSection(ExtensibilityGlobals) = postSolution
		SolutionGuid = {2AE27CB1-78FC-466A-AAA8-2DD19D3184EC}
	EndGlobalSection
EndGlobal
